
Microsoft Visual Studio Solution File, Format Version 10.00
# Visual Studio 2008
Project("{FAE04EC0-301F-11D3-BF4B-00C04F79EFBC}") = "CS665Hw6", "CS665Hw6.csproj", "{1A8FAE7D-36E2-479D-816D-BEED32A70453}"
EndProject
Global
	GlobalSection(SolutionConfigurationPlatforms) = preSolution
		Debug|Any CPU = Debug|Any CPU
		Release|Any CPU = Release|Any CPU
	EndGlobalSection
	GlobalSection(ProjectConfigurationPlatforms) = postSolution
		{1A8FAE7D-36E2-479D-816D-BEED32A70453}.Debug|Any CPU.ActiveCfg = Debug|Any CPU
		{1A8FAE7D-36E2-479D-816D-BEED32A70453}.Debug|Any CPU.Build.0 = Debug|Any CPU
		{1A8FAE7D-36E2-479D-816D-BEED32A70453}.Release|Any CPU.ActiveCfg = Release|Any CPU
		{1A8FAE7D-36E2-479D-816D-BEED32A70453}.Release|Any CPU.Build.0 = Release|Any CPU
	EndGlobalSection
	GlobalSection(SolutionProperties) = preSolution
		HideSolutionNode = FALSE
	EndGlobalSection
EndGlobal
