
Microsoft Visual Studio Solution File, Format Version 9.00
# Visual Studio 2005
Project("{FAE04EC0-301F-11D3-BF4B-00C04F79EFBC}") = "CS651Hw6Ex1", "CS651Hw6Ex1\CS651Hw6Ex1.csproj", "{E720C193-36FB-492F-A3C5-BB963CDCFF38}"
EndProject
Global
	GlobalSection(SolutionConfigurationPlatforms) = preSolution
		Debug|Any CPU = Debug|Any CPU
		Release|Any CPU = Release|Any CPU
	EndGlobalSection
	GlobalSection(ProjectConfigurationPlatforms) = postSolution
		{E720C193-36FB-492F-A3C5-BB963CDCFF38}.Debug|Any CPU.ActiveCfg = Debug|Any CPU
		{E720C193-36FB-492F-A3C5-BB963CDCFF38}.Debug|Any CPU.Build.0 = Debug|Any CPU
		{E720C193-36FB-492F-A3C5-BB963CDCFF38}.Release|Any CPU.ActiveCfg = Release|Any CPU
		{E720C193-36FB-492F-A3C5-BB963CDCFF38}.Release|Any CPU.Build.0 = Release|Any CPU
	EndGlobalSection
	GlobalSection(SolutionProperties) = preSolution
		HideSolutionNode = FALSE
	EndGlobalSection
EndGlobal
