
Microsoft Visual Studio Solution File, Format Version 10.00
# Visual Studio 2008
Project("{FAE04EC0-301F-11D3-BF4B-00C04F79EFBC}") = "CS665Hw9", "CS665Hw9.csproj", "{A19BA83D-B774-475E-918D-4187EE50CD53}"
EndProject
Global
	GlobalSection(SolutionConfigurationPlatforms) = preSolution
		Debug|Any CPU = Debug|Any CPU
		Release|Any CPU = Release|Any CPU
	EndGlobalSection
	GlobalSection(ProjectConfigurationPlatforms) = postSolution
		{A19BA83D-B774-475E-918D-4187EE50CD53}.Debug|Any CPU.ActiveCfg = Debug|Any CPU
		{A19BA83D-B774-475E-918D-4187EE50CD53}.Debug|Any CPU.Build.0 = Debug|Any CPU
		{A19BA83D-B774-475E-918D-4187EE50CD53}.Release|Any CPU.ActiveCfg = Release|Any CPU
		{A19BA83D-B774-475E-918D-4187EE50CD53}.Release|Any CPU.Build.0 = Release|Any CPU
	EndGlobalSection
	GlobalSection(SolutionProperties) = preSolution
		HideSolutionNode = FALSE
	EndGlobalSection
EndGlobal
